{
  "name": "e22da8fc4213ddc6",
  "lockfileVersion": 3,
  "requires": true,
  "packages": {
    "": {
      "dependencies": {
        "plugins": "^1.2.9"
      }
    },
    "node_modules/plugins": {
      "version": "1.2.9",
      "resolved": "https://registry.npmjs.org/plugins/-/plugins-1.2.9.tgz",
      "integrity": "sha512-GzwMeXRfBq44+MdebbZBuhp1lgRWDodNRYcfGdVilENDC0vgDTTpi/6xsSxQu0lpuSwJlzV6i+928ClHYikuOg==",
      "bin": {
        "plugins": "dist/index.js"
      }
    }
  }
}
